
Microsoft Visual Studio Solution File, Format Version 12.00
# Visual Studio 15
VisualStudioVersion = 15.0.28307.902
MinimumVisualStudioVersion = 10.0.40219.1
Project("{8BC9CEB8-8B4A-11D0-8D11-00A0C91BC942}") = "Queues", "Queues\Queues.vcxproj", "{E20F351D-BEFD-481F-864D-CCD720C79DCD}"
EndProject
Global
	GlobalSection(SolutionConfigurationPlatforms) = preSolution
		Debug|x64 = Debug|x64
		Debug|x86 = Debug|x86
		Release|x64 = Release|x64
		Release|x86 = Release|x86
	EndGlobalSection
	GlobalSection(ProjectConfigurationPlatforms) = postSolution
		{E20F351D-BEFD-481F-864D-CCD720C79DCD}.Debug|x64.ActiveCfg = Debug|x64
		{E20F351D-BEFD-481F-864D-CCD720C79DCD}.Debug|x64.Build.0 = Debug|x64
		{E20F351D-BEFD-481F-864D-CCD720C79DCD}.Debug|x86.ActiveCfg = Debug|Win32
		{E20F351D-BEFD-481F-864D-CCD720C79DCD}.Debug|x86.Build.0 = Debug|Win32
		{E20F351D-BEFD-481F-864D-CCD720C79DCD}.Release|x64.ActiveCfg = Release|x64
		{E20F351D-BEFD-481F-864D-CCD720C79DCD}.Release|x64.Build.0 = Release|x64
		{E20F351D-BEFD-481F-864D-CCD720C79DCD}.Release|x86.ActiveCfg = Release|Win32
		{E20F351D-BEFD-481F-864D-CCD720C79DCD}.Release|x86.Build.0 = Release|Win32
	EndGlobalSection
	GlobalSection(SolutionProperties) = preSolution
		HideSolutionNode = FALSE
	EndGlobalSection
	GlobalSection(ExtensibilityGlobals) = postSolution
		SolutionGuid = {3F93E938-8733-4AE2-9B61-CBCEA7EED8B7}
	EndGlobalSection
EndGlobal
